<Solution>
  <Project Path="src/Crch.ItBudget.Domain/Crch.ItBudget.Domain.csproj" />
  <Project Path="src/Crch.ItBudget.Application/Crch.ItBudget.Application.csproj" />
  <Project Path="src/Crch.ItBudget.Infrastructure/Crch.ItBudget.Infrastructure.csproj" />
  <Project Path="src/Crch.ItBudget.Reporting/Crch.ItBudget.Reporting.csproj" />
  <Project Path="src/Crch.ItBudget.ImportExport/Crch.ItBudget.ImportExport.csproj" />
  <Project Path="src/Crch.ItBudget.Web/Crch.ItBudget.Web.csproj" />
  <Project Path="tests/Crch.ItBudget.UnitTests/Crch.ItBudget.UnitTests.csproj" />
  <Project Path="tests/Crch.ItBudget.IntegrationTests/Crch.ItBudget.IntegrationTests.csproj" />
  <Project Path="tests/Crch.ItBudget.UiTests/Crch.ItBudget.UiTests.csproj" />
</Solution>
